
Microsoft Visual Studio Solution File, Format Version 12.00
# Visual Studio 14
VisualStudioVersion = 14.0.24720.0
MinimumVisualStudioVersion = 10.0.40219.1
Project("{FAE04EC0-301F-11D3-BF4B-00C04F79EFBC}") = "RiskSimLib", "RiskSimLib\RiskSimLib.csproj", "{7F80DBF9-D922-48F7-9E0F-A58D13074E57}"
EndProject
Project("{FAE04EC0-301F-11D3-BF4B-00C04F79EFBC}") = "RiskSimConsoleHost", "RiskSimConsoleHost\RiskSimConsoleHost.csproj", "{4962F520-3D36-4601-83C2-A3A2EF9FB46E}"
EndProject
Project("{FAE04EC0-301F-11D3-BF4B-00C04F79EFBC}") = "RiskSimConsoleClient", "RiskSimConsoleClient\RiskSimConsoleClient.csproj", "{57F313E6-37BB-494F-A949-F04A887026C5}"
EndProject
Project("{8BB2217D-0F2D-49D1-97BC-3654ED321F3B}") = "RiskSimFrontEnd", "RiskSimFrontEnd\RiskSimFrontEnd.xproj", "{FA465365-184E-4D00-AC55-4B392956D5CA}"
EndProject
Project("{FAE04EC0-301F-11D3-BF4B-00C04F79EFBC}") = "RiskSimWebHost", "RiskSimWebHost\RiskSimWebHost.csproj", "{771FB9FA-1C15-4BF4-9469-D1D2656350E6}"
EndProject
Project("{2150E333-8FDC-42A3-9474-1A3956D46DE8}") = "Solution Items", "Solution Items", "{074E848B-D6C5-4AE5-ACE0-6127B7869B32}"
	ProjectSection(SolutionItems) = preProject
		RiskSimFrontEnd\global.json = RiskSimFrontEnd\global.json
		NuGet.config = NuGet.config
	EndProjectSection
EndProject
Global
	GlobalSection(SolutionConfigurationPlatforms) = preSolution
		Debug|Any CPU = Debug|Any CPU
		Release|Any CPU = Release|Any CPU
	EndGlobalSection
	GlobalSection(ProjectConfigurationPlatforms) = postSolution
		{7F80DBF9-D922-48F7-9E0F-A58D13074E57}.Debug|Any CPU.ActiveCfg = Debug|Any CPU
		{7F80DBF9-D922-48F7-9E0F-A58D13074E57}.Debug|Any CPU.Build.0 = Debug|Any CPU
		{7F80DBF9-D922-48F7-9E0F-A58D13074E57}.Release|Any CPU.ActiveCfg = Release|Any CPU
		{7F80DBF9-D922-48F7-9E0F-A58D13074E57}.Release|Any CPU.Build.0 = Release|Any CPU
		{4962F520-3D36-4601-83C2-A3A2EF9FB46E}.Debug|Any CPU.ActiveCfg = Debug|Any CPU
		{4962F520-3D36-4601-83C2-A3A2EF9FB46E}.Debug|Any CPU.Build.0 = Debug|Any CPU
		{4962F520-3D36-4601-83C2-A3A2EF9FB46E}.Release|Any CPU.ActiveCfg = Release|Any CPU
		{4962F520-3D36-4601-83C2-A3A2EF9FB46E}.Release|Any CPU.Build.0 = Release|Any CPU
		{57F313E6-37BB-494F-A949-F04A887026C5}.Debug|Any CPU.ActiveCfg = Debug|Any CPU
		{57F313E6-37BB-494F-A949-F04A887026C5}.Debug|Any CPU.Build.0 = Debug|Any CPU
		{57F313E6-37BB-494F-A949-F04A887026C5}.Release|Any CPU.ActiveCfg = Release|Any CPU
		{57F313E6-37BB-494F-A949-F04A887026C5}.Release|Any CPU.Build.0 = Release|Any CPU
		{FA465365-184E-4D00-AC55-4B392956D5CA}.Debug|Any CPU.ActiveCfg = Debug|Any CPU
		{FA465365-184E-4D00-AC55-4B392956D5CA}.Debug|Any CPU.Build.0 = Debug|Any CPU
		{FA465365-184E-4D00-AC55-4B392956D5CA}.Release|Any CPU.ActiveCfg = Release|Any CPU
		{FA465365-184E-4D00-AC55-4B392956D5CA}.Release|Any CPU.Build.0 = Release|Any CPU
		{771FB9FA-1C15-4BF4-9469-D1D2656350E6}.Debug|Any CPU.ActiveCfg = Debug|Any CPU
		{771FB9FA-1C15-4BF4-9469-D1D2656350E6}.Debug|Any CPU.Build.0 = Debug|Any CPU
		{771FB9FA-1C15-4BF4-9469-D1D2656350E6}.Release|Any CPU.ActiveCfg = Release|Any CPU
		{771FB9FA-1C15-4BF4-9469-D1D2656350E6}.Release|Any CPU.Build.0 = Release|Any CPU
	EndGlobalSection
	GlobalSection(SolutionProperties) = preSolution
		HideSolutionNode = FALSE
	EndGlobalSection
EndGlobal
